
Microsoft Visual Studio Solution File, Format Version 12.00
# Visual Studio Version 17
VisualStudioVersion = 17.10.34928.147
MinimumVisualStudioVersion = 10.0.40219.1
Project("{FAE04EC0-301F-11D3-BF4B-00C04F79EFBC}") = "FlexCoach.APIs", "FlexCoach.APIs\FlexCoach.APIs.csproj", "{B6E07292-E44B-4EB5-8295-3BF457420B38}"
EndProject
Project("{FAE04EC0-301F-11D3-BF4B-00C04F79EFBC}") = "FlexCoach.Core", "FlexCoach.Core\FlexCoach.Core.csproj", "{98DC9A22-B738-4AD5-94CE-39A32EC34454}"
EndProject
Project("{FAE04EC0-301F-11D3-BF4B-00C04F79EFBC}") = "FlexCoach.Repository", "FlexCoach.Repository\FlexCoach.Repository.csproj", "{298D6A3D-9E78-42FD-BCE4-3BB63480BB1F}"
EndProject
Project("{FAE04EC0-301F-11D3-BF4B-00C04F79EFBC}") = "FlexCoach.Service", "FlexCoach.Service\FlexCoach.Service.csproj", "{F4AE56A7-FD38-49A4-9B61-6E448330C052}"
EndProject
Global
	GlobalSection(SolutionConfigurationPlatforms) = preSolution
		Debug|Any CPU = Debug|Any CPU
		Release|Any CPU = Release|Any CPU
	EndGlobalSection
	GlobalSection(ProjectConfigurationPlatforms) = postSolution
		{B6E07292-E44B-4EB5-8295-3BF457420B38}.Debug|Any CPU.ActiveCfg = Debug|Any CPU
		{B6E07292-E44B-4EB5-8295-3BF457420B38}.Debug|Any CPU.Build.0 = Debug|Any CPU
		{B6E07292-E44B-4EB5-8295-3BF457420B38}.Release|Any CPU.ActiveCfg = Release|Any CPU
		{B6E07292-E44B-4EB5-8295-3BF457420B38}.Release|Any CPU.Build.0 = Release|Any CPU
		{98DC9A22-B738-4AD5-94CE-39A32EC34454}.Debug|Any CPU.ActiveCfg = Debug|Any CPU
		{98DC9A22-B738-4AD5-94CE-39A32EC34454}.Debug|Any CPU.Build.0 = Debug|Any CPU
		{98DC9A22-B738-4AD5-94CE-39A32EC34454}.Release|Any CPU.ActiveCfg = Release|Any CPU
		{98DC9A22-B738-4AD5-94CE-39A32EC34454}.Release|Any CPU.Build.0 = Release|Any CPU
		{298D6A3D-9E78-42FD-BCE4-3BB63480BB1F}.Debug|Any CPU.ActiveCfg = Debug|Any CPU
		{298D6A3D-9E78-42FD-BCE4-3BB63480BB1F}.Debug|Any CPU.Build.0 = Debug|Any CPU
		{298D6A3D-9E78-42FD-BCE4-3BB63480BB1F}.Release|Any CPU.ActiveCfg = Release|Any CPU
		{298D6A3D-9E78-42FD-BCE4-3BB63480BB1F}.Release|Any CPU.Build.0 = Release|Any CPU
		{F4AE56A7-FD38-49A4-9B61-6E448330C052}.Debug|Any CPU.ActiveCfg = Debug|Any CPU
		{F4AE56A7-FD38-49A4-9B61-6E448330C052}.Debug|Any CPU.Build.0 = Debug|Any CPU
		{F4AE56A7-FD38-49A4-9B61-6E448330C052}.Release|Any CPU.ActiveCfg = Release|Any CPU
		{F4AE56A7-FD38-49A4-9B61-6E448330C052}.Release|Any CPU.Build.0 = Release|Any CPU
	EndGlobalSection
	GlobalSection(SolutionProperties) = preSolution
		HideSolutionNode = FALSE
	EndGlobalSection
	GlobalSection(ExtensibilityGlobals) = postSolution
		SolutionGuid = {F2D60DB6-8417-4EC3-8FC9-D689F5E76108}
	EndGlobalSection
EndGlobal
